{
  "name": "pythonisms",
  "lockfileVersion": 2,
  "requires": true,
  "packages": {
    "": {
      "dependencies": {
        "codefellows-readme-templates": "^2.0.0"
      }
    },
    "node_modules/codefellows-readme-templates": {
      "version": "2.0.0",
      "resolved": "https://registry.npmjs.org/codefellows-readme-templates/-/codefellows-readme-templates-2.0.0.tgz",
      "integrity": "sha512-DIkyiyAPP35oLQ9rFK7/82HWsC85wr0nzvhRAM5O5Edo/AQsSQjvkkYlTHb4j6nXu3VaIgmNdX4Vi+3jfaGuqA=="
    }
  },
  "dependencies": {
    "codefellows-readme-templates": {
      "version": "2.0.0",
      "resolved": "https://registry.npmjs.org/codefellows-readme-templates/-/codefellows-readme-templates-2.0.0.tgz",
      "integrity": "sha512-DIkyiyAPP35oLQ9rFK7/82HWsC85wr0nzvhRAM5O5Edo/AQsSQjvkkYlTHb4j6nXu3VaIgmNdX4Vi+3jfaGuqA=="
    }
  }
}
